// !$*UTF8*$!
{
	archiveVersion = 1;
	classes = {
	};
	objectVersion = 77;
	objects = {

/* Begin PBXBuildFile section */
		0BA1C00100000001000000A1 /* MindEchoCore in Frameworks */ = {isa = PBXBuildFile; productRef = 0BA1C00100000003000000A3 /* MindEchoCore */; };
		0BA1C00100000002000000A2 /* MindEchoAudio in Frameworks */ = {isa = PBXBuildFile; productRef = 0BA1C00100000004000000A4 /* MindEchoAudio */; };
		0BA1C00100000007000000A7 /* DSWaveformImage in Frameworks */ = {isa = PBXBuildFile; productRef = 0BA1C00100000009000000A9 /* DSWaveformImage */; };
		0BA1C00100000008000000A8 /* DSWaveformImageViews in Frameworks */ = {isa = PBXBuildFile; productRef = 0BA1C0010000000A000000AA /* DSWaveformImageViews */; };
/* End PBXBuildFile section */

/* Begin PBXContainerItemProxy section */
		0BD6D80A2F3856E000D7656F /* PBXContainerItemProxy */ = {
			isa = PBXContainerItemProxy;
			containerPortal = 0BD6D7F22F3856DE00D7656F /* Project object */;
			proxyType = 1;
			remoteGlobalIDString = 0BD6D7F92F3856DE00D7656F;
			remoteInfo = MindEcho;
		};
		0BD6D8142F3856E000D7656F /* PBXContainerItemProxy */ = {
			isa = PBXContainerItemProxy;
			containerPortal = 0BD6D7F22F3856DE00D7656F /* Project object */;
			proxyType = 1;
			remoteGlobalIDString = 0BD6D7F92F3856DE00D7656F;
			remoteInfo = MindEcho;
		};
/* End PBXContainerItemProxy section */

/* Begin PBXFileReference section */
		0BD6D7FA2F3856DE00D7656F /* MindEcho.app */ = {isa = PBXFileReference; explicitFileType = wrapper.application; includeInIndex = 0; path = MindEcho.app; sourceTree = BUILT_PRODUCTS_DIR; };
		0BD6D8092F3856E000D7656F /* MindEchoTests.xctest */ = {isa = PBXFileReference; explicitFileType = wrapper.cfbundle; includeInIndex = 0; path = MindEchoTests.xctest; sourceTree = BUILT_PRODUCTS_DIR; };
		0BD6D8132F3856E000D7656F /* MindEchoUITests.xctest */ = {isa = PBXFileReference; explicitFileType = wrapper.cfbundle; includeInIndex = 0; path = MindEchoUITests.xctest; sourceTree = BUILT_PRODUCTS_DIR; };
/* End PBXFileReference section */

/* Begin PBXFileSystemSynchronizedRootGroup section */
		0BD6D7FC2F3856DE00D7656F /* MindEcho */ = {
			isa = PBXFileSystemSynchronizedRootGroup;
			path = MindEcho;
			sourceTree = "<group>";
		};
		0BD6D80C2F3856E000D7656F /* MindEchoTests */ = {
			isa = PBXFileSystemSynchronizedRootGroup;
			path = MindEchoTests;
			sourceTree = "<group>";
		};
		0BD6D8162F3856E000D7656F /* MindEchoUITests */ = {
			isa = PBXFileSystemSynchronizedRootGroup;
			path = MindEchoUITests;
			sourceTree = "<group>";
		};
		0BD6D8432F3869B900D7656F /* docs */ = {
			isa = PBXFileSystemSynchronizedRootGroup;
			path = docs;
			sourceTree = "<group>";
		};
/* End PBXFileSystemSynchronizedRootGroup section */

/* Begin PBXFrameworksBuildPhase section */
		0BD6D7F72F3856DE00D7656F /* Frameworks */ = {
			isa = PBXFrameworksBuildPhase;
			buildActionMask = 2147483647;
			files = (
				0BA1C00100000001000000A1 /* MindEchoCore in Frameworks */,
				0BA1C00100000002000000A2 /* MindEchoAudio in Frameworks */,
				0BA1C00100000007000000A7 /* DSWaveformImage in Frameworks */,
				0BA1C00100000008000000A8 /* DSWaveformImageViews in Frameworks */,
			);
			runOnlyForDeploymentPostprocessing = 0;
		};
		0BD6D8062F3856E000D7656F /* Frameworks */ = {
			isa = PBXFrameworksBuildPhase;
			buildActionMask = 2147483647;
			files = (
			);
			runOnlyForDeploymentPostprocessing = 0;
		};
		0BD6D8102F3856E000D7656F /* Frameworks */ = {
			isa = PBXFrameworksBuildPhase;
			buildActionMask = 2147483647;
			files = (
			);
			runOnlyForDeploymentPostprocessing = 0;
		};
/* End PBXFrameworksBuildPhase section */

/* Begin PBXGroup section */
		0BD6D7F12F3856DE00D7656F = {
			isa = PBXGroup;
			children = (
				0BD6D8432F3869B900D7656F /* docs */,
				0BD6D7FC2F3856DE00D7656F /* MindEcho */,
				0BD6D80C2F3856E000D7656F /* MindEchoTests */,
				0BD6D8162F3856E000D7656F /* MindEchoUITests */,
				0BD6D7FB2F3856DE00D7656F /* Products */,
			);
			sourceTree = "<group>";
		};
		0BD6D7FB2F3856DE00D7656F /* Products */ = {
			isa = PBXGroup;
			children = (
				0BD6D7FA2F3856DE00D7656F /* MindEcho.app */,
				0BD6D8092F3856E000D7656F /* MindEchoTests.xctest */,
				0BD6D8132F3856E000D7656F /* MindEchoUITests.xctest */,
			);
			name = Products;
			sourceTree = "<group>";
		};
/* End PBXGroup section */

/* Begin PBXNativeTarget section */
		0BD6D7F92F3856DE00D7656F /* MindEcho */ = {
			isa = PBXNativeTarget;
			buildConfigurationList = 0BD6D81D2F3856E000D7656F /* Build configuration list for PBXNativeTarget "MindEcho" */;
			buildPhases = (
				0BD6D7F62F3856DE00D7656F /* Sources */,
				0BD6D7F72F3856DE00D7656F /* Frameworks */,
				0BD6D7F82F3856DE00D7656F /* Resources */,
			);
			buildRules = (
			);
			dependencies = (
			);
			fileSystemSynchronizedGroups = (
				0BD6D7FC2F3856DE00D7656F /* MindEcho */,
				0BD6D8432F3869B900D7656F /* docs */,
			);
			name = MindEcho;
			packageProductDependencies = (
				0BA1C00100000003000000A3 /* MindEchoCore */,
				0BA1C00100000004000000A4 /* MindEchoAudio */,
				0BA1C00100000009000000A9 /* DSWaveformImage */,
				0BA1C0010000000A000000AA /* DSWaveformImageViews */,
			);
			productName = MindEcho;
			productReference = 0BD6D7FA2F3856DE00D7656F /* MindEcho.app */;
			productType = "com.apple.product-type.application";
		};
		0BD6D8082F3856E000D7656F /* MindEchoTests */ = {
			isa = PBXNativeTarget;
			buildConfigurationList = 0BD6D8202F3856E000D7656F /* Build configuration list for PBXNativeTarget "MindEchoTests" */;
			buildPhases = (
				0BD6D8052F3856E000D7656F /* Sources */,
				0BD6D8062F3856E000D7656F /* Frameworks */,
				0BD6D8072F3856E000D7656F /* Resources */,
			);
			buildRules = (
			);
			dependencies = (
				0BD6D80B2F3856E000D7656F /* PBXTargetDependency */,
			);
			fileSystemSynchronizedGroups = (
				0BD6D80C2F3856E000D7656F /* MindEchoTests */,
			);
			name = MindEchoTests;
			packageProductDependencies = (
			);
			productName = MindEchoTests;
			productReference = 0BD6D8092F3856E000D7656F /* MindEchoTests.xctest */;
			productType = "com.apple.product-type.bundle.unit-test";
		};
		0BD6D8122F3856E000D7656F /* MindEchoUITests */ = {
			isa = PBXNativeTarget;
			buildConfigurationList = 0BD6D8232F3856E000D7656F /* Build configuration list for PBXNativeTarget "MindEchoUITests" */;
			buildPhases = (
				0BD6D80F2F3856E000D7656F /* Sources */,
				0BD6D8102F3856E000D7656F /* Frameworks */,
				0BD6D8112F3856E000D7656F /* Resources */,
			);
			buildRules = (
			);
			dependencies = (
				0BD6D8152F3856E000D7656F /* PBXTargetDependency */,
			);
			fileSystemSynchronizedGroups = (
				0BD6D8162F3856E000D7656F /* MindEchoUITests */,
			);
			name = MindEchoUITests;
			packageProductDependencies = (
			);
			productName = MindEchoUITests;
			productReference = 0BD6D8132F3856E000D7656F /* MindEchoUITests.xctest */;
			productType = "com.apple.product-type.bundle.ui-testing";
		};
/* End PBXNativeTarget section */

/* Begin PBXProject section */
		0BD6D7F22F3856DE00D7656F /* Project object */ = {
			isa = PBXProject;
			attributes = {
				BuildIndependentTargetsInParallel = 1;
				LastSwiftUpdateCheck = 2620;
				LastUpgradeCheck = 2620;
				TargetAttributes = {
					0BD6D7F92F3856DE00D7656F = {
						CreatedOnToolsVersion = 26.2;
					};
					0BD6D8082F3856E000D7656F = {
						CreatedOnToolsVersion = 26.2;
						TestTargetID = 0BD6D7F92F3856DE00D7656F;
					};
					0BD6D8122F3856E000D7656F = {
						CreatedOnToolsVersion = 26.2;
						TestTargetID = 0BD6D7F92F3856DE00D7656F;
					};
				};
			};
			buildConfigurationList = 0BD6D7F52F3856DE00D7656F /* Build configuration list for PBXProject "MindEcho" */;
			developmentRegion = en;
			hasScannedForEncodings = 0;
			knownRegions = (
				en,
				Base,
			);
			mainGroup = 0BD6D7F12F3856DE00D7656F;
			minimizedProjectReferenceProxies = 1;
			packageReferences = (
				0BA1C00100000005000000A5 /* XCLocalSwiftPackageReference "../Packages/MindEchoCore" */,
				0BA1C00100000006000000A6 /* XCLocalSwiftPackageReference "../Packages/MindEchoAudio" */,
				0BA1C0010000000B000000AB /* XCRemoteSwiftPackageReference "DSWaveformImage" */,
			);
			preferredProjectObjectVersion = 77;
			productRefGroup = 0BD6D7FB2F3856DE00D7656F /* Products */;
			projectDirPath = "";
			projectRoot = "";
			targets = (
				0BD6D7F92F3856DE00D7656F /* MindEcho */,
				0BD6D8082F3856E000D7656F /* MindEchoTests */,
				0BD6D8122F3856E000D7656F /* MindEchoUITests */,
			);
		};
/* End PBXProject section */

/* Begin PBXResourcesBuildPhase section */
		0BD6D7F82F3856DE00D7656F /* Resources */ = {
			isa = PBXResourcesBuildPhase;
			buildActionMask = 2147483647;
			files = (
			);
			runOnlyForDeploymentPostprocessing = 0;
		};
		0BD6D8072F3856E000D7656F /* Resources */ = {
			isa = PBXResourcesBuildPhase;
			buildActionMask = 2147483647;
			files = (
			);
			runOnlyForDeploymentPostprocessing = 0;
		};
		0BD6D8112F3856E000D7656F /* Resources */ = {
			isa = PBXResourcesBuildPhase;
			buildActionMask = 2147483647;
			files = (
			);
			runOnlyForDeploymentPostprocessing = 0;
		};
/* End PBXResourcesBuildPhase section */

/* Begin PBXSourcesBuildPhase section */
		0BD6D7F62F3856DE00D7656F /* Sources */ = {
			isa = PBXSourcesBuildPhase;
			buildActionMask = 2147483647;
			files = (
			);
			runOnlyForDeploymentPostprocessing = 0;
		};
		0BD6D8052F3856E000D7656F /* Sources */ = {
			isa = PBXSourcesBuildPhase;
			buildActionMask = 2147483647;
			files = (
			);
			runOnlyForDeploymentPostprocessing = 0;
		};
		0BD6D80F2F3856E000D7656F /* Sources */ = {
			isa = PBXSourcesBuildPhase;
			buildActionMask = 2147483647;
			files = (
			);
			runOnlyForDeploymentPostprocessing = 0;
		};
/* End PBXSourcesBuildPhase section */

/* Begin PBXTargetDependency section */
		0BD6D80B2F3856E000D7656F /* PBXTargetDependency */ = {
			isa = PBXTargetDependency;
			target = 0BD6D7F92F3856DE00D7656F /* MindEcho */;
			targetProxy = 0BD6D80A2F3856E000D7656F /* PBXContainerItemProxy */;
		};
		0BD6D8152F3856E000D7656F /* PBXTargetDependency */ = {
			isa = PBXTargetDependency;
			target = 0BD6D7F92F3856DE00D7656F /* MindEcho */;
			targetProxy = 0BD6D8142F3856E000D7656F /* PBXContainerItemProxy */;
		};
/* End PBXTargetDependency section */

/* Begin XCBuildConfiguration section */
		0BD6D81B2F3856E000D7656F /* Debug */ = {
			isa = XCBuildConfiguration;
			buildSettings = {
				ALWAYS_SEARCH_USER_PATHS = NO;
				ASSETCATALOG_COMPILER_GENERATE_SWIFT_ASSET_SYMBOL_EXTENSIONS = YES;
				CLANG_ANALYZER_NONNULL = YES;
				CLANG_ANALYZER_NUMBER_OBJECT_CONVERSION = YES_AGGRESSIVE;
				CLANG_CXX_LANGUAGE_STANDARD = "gnu++20";
				CLANG_ENABLE_MODULES = YES;
				CLANG_ENABLE_OBJC_ARC = YES;
				CLANG_ENABLE_OBJC_WEAK = YES;
				CLANG_WARN_BLOCK_CAPTURE_AUTORELEASING = YES;
				CLANG_WARN_BOOL_CONVERSION = YES;
				CLANG_WARN_COMMA = YES;
				CLANG_WARN_CONSTANT_CONVERSION = YES;
				CLANG_WARN_DEPRECATED_OBJC_IMPLEMENTATIONS = YES;
				CLANG_WARN_DIRECT_OBJC_ISA_USAGE = YES_ERROR;
				CLANG_WARN_DOCUMENTATION_COMMENTS = YES;
				CLANG_WARN_EMPTY_BODY = YES;
				CLANG_WARN_ENUM_CONVERSION = YES;
				CLANG_WARN_INFINITE_RECURSION = YES;
				CLANG_WARN_INT_CONVERSION = YES;
				CLANG_WARN_NON_LITERAL_NULL_CONVERSION = YES;
				CLANG_WARN_OBJC_IMPLICIT_RETAIN_SELF = YES;
				CLANG_WARN_OBJC_LITERAL_CONVERSION = YES;
				CLANG_WARN_OBJC_ROOT_CLASS = YES_ERROR;
				CLANG_WARN_QUOTED_INCLUDE_IN_FRAMEWORK_HEADER = YES;
				CLANG_WARN_RANGE_LOOP_ANALYSIS = YES;
				CLANG_WARN_STRICT_PROTOTYPES = YES;
				CLANG_WARN_SUSPICIOUS_MOVE = YES;
				CLANG_WARN_UNGUARDED_AVAILABILITY = YES_AGGRESSIVE;
				CLANG_WARN_UNREACHABLE_CODE = YES;
				CLANG_WARN__DUPLICATE_METHOD_MATCH = YES;
				COPY_PHASE_STRIP = NO;
				DEBUG_INFORMATION_FORMAT = dwarf;
				DEVELOPMENT_TEAM = LYMDWEXP2V;
				ENABLE_STRICT_OBJC_MSGSEND = YES;
				ENABLE_TESTABILITY = YES;
				ENABLE_USER_SCRIPT_SANDBOXING = YES;
				GCC_C_LANGUAGE_STANDARD = gnu17;
				GCC_DYNAMIC_NO_PIC = NO;
				GCC_NO_COMMON_BLOCKS = YES;
				GCC_OPTIMIZATION_LEVEL = 0;
				GCC_PREPROCESSOR_DEFINITIONS = (
					"DEBUG=1",
					"$(inherited)",
				);
				GCC_WARN_64_TO_32_BIT_CONVERSION = YES;
				GCC_WARN_ABOUT_RETURN_TYPE = YES_ERROR;
				GCC_WARN_UNDECLARED_SELECTOR = YES;
				GCC_WARN_UNINITIALIZED_AUTOS = YES_AGGRESSIVE;
				GCC_WARN_UNUSED_FUNCTION = YES;
				GCC_WARN_UNUSED_VARIABLE = YES;
				IPHONEOS_DEPLOYMENT_TARGET = 26.2;
				LOCALIZATION_PREFERS_STRING_CATALOGS = YES;
				MTL_ENABLE_DEBUG_INFO = INCLUDE_SOURCE;
				MTL_FAST_MATH = YES;
				ONLY_ACTIVE_ARCH = YES;
				SDKROOT = iphoneos;
				SWIFT_ACTIVE_COMPILATION_CONDITIONS = "DEBUG $(inherited)";
				SWIFT_OPTIMIZATION_LEVEL = "-Onone";
			};
			name = Debug;
		};
		0BD6D81C2F3856E000D7656F /* Release */ = {
			isa = XCBuildConfiguration;
			buildSettings = {
				ALWAYS_SEARCH_USER_PATHS = NO;
				ASSETCATALOG_COMPILER_GENERATE_SWIFT_ASSET_SYMBOL_EXTENSIONS = YES;
				CLANG_ANALYZER_NONNULL = YES;
				CLANG_ANALYZER_NUMBER_OBJECT_CONVERSION = YES_AGGRESSIVE;
				CLANG_CXX_LANGUAGE_STANDARD = "gnu++20";
				CLANG_ENABLE_MODULES = YES;
				CLANG_ENABLE_OBJC_ARC = YES;
				CLANG_ENABLE_OBJC_WEAK = YES;
				CLANG_WARN_BLOCK_CAPTURE_AUTORELEASING = YES;
				CLANG_WARN_BOOL_CONVERSION = YES;
				CLANG_WARN_COMMA = YES;
				CLANG_WARN_CONSTANT_CONVERSION = YES;
				CLANG_WARN_DEPRECATED_OBJC_IMPLEMENTATIONS = YES;
				CLANG_WARN_DIRECT_OBJC_ISA_USAGE = YES_ERROR;
				CLANG_WARN_DOCUMENTATION_COMMENTS = YES;
				CLANG_WARN_EMPTY_BODY = YES;
				CLANG_WARN_ENUM_CONVERSION = YES;
				CLANG_WARN_INFINITE_RECURSION = YES;
				CLANG_WARN_INT_CONVERSION = YES;
				CLANG_WARN_NON_LITERAL_NULL_CONVERSION = YES;
				CLANG_WARN_OBJC_IMPLICIT_RETAIN_SELF = YES;
				CLANG_WARN_OBJC_LITERAL_CONVERSION = YES;
				CLANG_WARN_OBJC_ROOT_CLASS = YES_ERROR;
				CLANG_WARN_QUOTED_INCLUDE_IN_FRAMEWORK_HEADER = YES;
				CLANG_WARN_RANGE_LOOP_ANALYSIS = YES;
				CLANG_WARN_STRICT_PROTOTYPES = YES;
				CLANG_WARN_SUSPICIOUS_MOVE = YES;
				CLANG_WARN_UNGUARDED_AVAILABILITY = YES_AGGRESSIVE;
				CLANG_WARN_UNREACHABLE_CODE = YES;
				CLANG_WARN__DUPLICATE_METHOD_MATCH = YES;
				COPY_PHASE_STRIP = NO;
				DEBUG_INFORMATION_FORMAT = "dwarf-with-dsym";
				DEVELOPMENT_TEAM = LYMDWEXP2V;
				ENABLE_NS_ASSERTIONS = NO;
				ENABLE_STRICT_OBJC_MSGSEND = YES;
				ENABLE_USER_SCRIPT_SANDBOXING = YES;
				GCC_C_LANGUAGE_STANDARD = gnu17;
				GCC_NO_COMMON_BLOCKS = YES;
				GCC_WARN_64_TO_32_BIT_CONVERSION = YES;
				GCC_WARN_ABOUT_RETURN_TYPE = YES_ERROR;
				GCC_WARN_UNDECLARED_SELECTOR = YES;
				GCC_WARN_UNINITIALIZED_AUTOS = YES_AGGRESSIVE;
				GCC_WARN_UNUSED_FUNCTION = YES;
				GCC_WARN_UNUSED_VARIABLE = YES;
				IPHONEOS_DEPLOYMENT_TARGET = 26.2;
				LOCALIZATION_PREFERS_STRING_CATALOGS = YES;
				MTL_ENABLE_DEBUG_INFO = NO;
				MTL_FAST_MATH = YES;
				SDKROOT = iphoneos;
				SWIFT_COMPILATION_MODE = wholemodule;
				VALIDATE_PRODUCT = YES;
			};
			name = Release;
		};
		0BD6D81E2F3856E000D7656F /* Debug */ = {
			isa = XCBuildConfiguration;
			buildSettings = {
				ASSETCATALOG_COMPILER_APPICON_NAME = AppIcon;
				ASSETCATALOG_COMPILER_GLOBAL_ACCENT_COLOR_NAME = AccentColor;
				CODE_SIGN_STYLE = Automatic;
				CURRENT_PROJECT_VERSION = 1;
				DEVELOPMENT_TEAM = LYMDWEXP2V;
				ENABLE_PREVIEWS = YES;
				GENERATE_INFOPLIST_FILE = YES;
				INFOPLIST_KEY_LSSupportsOpeningDocumentsInPlace = YES;
				INFOPLIST_KEY_NSMicrophoneUsageDescription = "MindEcho uses the microphone to record your voice memos.";
				INFOPLIST_KEY_UIApplicationSceneManifest_Generation = YES;
				INFOPLIST_KEY_UIApplicationSupportsIndirectInputEvents = YES;
				INFOPLIST_KEY_UIBackgroundModes = "(audio)";
				INFOPLIST_KEY_UIFileSharingEnabled = YES;
				INFOPLIST_KEY_UILaunchScreen_Generation = YES;
				INFOPLIST_KEY_UISupportedInterfaceOrientations_iPad = "UIInterfaceOrientationPortrait UIInterfaceOrientationPortraitUpsideDown UIInterfaceOrientationLandscapeLeft UIInterfaceOrientationLandscapeRight";
				INFOPLIST_KEY_UISupportedInterfaceOrientations_iPhone = "UIInterfaceOrientationPortrait UIInterfaceOrientationLandscapeLeft UIInterfaceOrientationLandscapeRight";
				LD_RUNPATH_SEARCH_PATHS = (
					"$(inherited)",
					"@executable_path/Frameworks",
				);
				MARKETING_VERSION = 1.0;
				PRODUCT_BUNDLE_IDENTIFIER = com.syhash.MindEcho;
				PRODUCT_NAME = "$(TARGET_NAME)";
				STRING_CATALOG_GENERATE_SYMBOLS = YES;
				SWIFT_APPROACHABLE_CONCURRENCY = YES;
				SWIFT_DEFAULT_ACTOR_ISOLATION = MainActor;
				SWIFT_EMIT_LOC_STRINGS = YES;
				SWIFT_UPCOMING_FEATURE_MEMBER_IMPORT_VISIBILITY = YES;
				SWIFT_VERSION = 5.0;
				TARGETED_DEVICE_FAMILY = "1,2";
			};
			name = Debug;
		};
		0BD6D81F2F3856E000D7656F /* Release */ = {
			isa = XCBuildConfiguration;
			buildSettings = {
				ASSETCATALOG_COMPILER_APPICON_NAME = AppIcon;
				ASSETCATALOG_COMPILER_GLOBAL_ACCENT_COLOR_NAME = AccentColor;
				CODE_SIGN_STYLE = Automatic;
				CURRENT_PROJECT_VERSION = 1;
				DEVELOPMENT_TEAM = LYMDWEXP2V;
				ENABLE_PREVIEWS = YES;
				GENERATE_INFOPLIST_FILE = YES;
				INFOPLIST_KEY_LSSupportsOpeningDocumentsInPlace = YES;
				INFOPLIST_KEY_NSMicrophoneUsageDescription = "MindEcho uses the microphone to record your voice memos.";
				INFOPLIST_KEY_UIApplicationSceneManifest_Generation = YES;
				INFOPLIST_KEY_UIApplicationSupportsIndirectInputEvents = YES;
				INFOPLIST_KEY_UIBackgroundModes = "(audio)";
				INFOPLIST_KEY_UIFileSharingEnabled = YES;
				INFOPLIST_KEY_UILaunchScreen_Generation = YES;
				INFOPLIST_KEY_UISupportedInterfaceOrientations_iPad = "UIInterfaceOrientationPortrait UIInterfaceOrientationPortraitUpsideDown UIInterfaceOrientationLandscapeLeft UIInterfaceOrientationLandscapeRight";
				INFOPLIST_KEY_UISupportedInterfaceOrientations_iPhone = "UIInterfaceOrientationPortrait UIInterfaceOrientationLandscapeLeft UIInterfaceOrientationLandscapeRight";
				LD_RUNPATH_SEARCH_PATHS = (
					"$(inherited)",
					"@executable_path/Frameworks",
				);
				MARKETING_VERSION = 1.0;
				PRODUCT_BUNDLE_IDENTIFIER = com.syhash.MindEcho;
				PRODUCT_NAME = "$(TARGET_NAME)";
				STRING_CATALOG_GENERATE_SYMBOLS = YES;
				SWIFT_APPROACHABLE_CONCURRENCY = YES;
				SWIFT_DEFAULT_ACTOR_ISOLATION = MainActor;
				SWIFT_EMIT_LOC_STRINGS = YES;
				SWIFT_UPCOMING_FEATURE_MEMBER_IMPORT_VISIBILITY = YES;
				SWIFT_VERSION = 5.0;
				TARGETED_DEVICE_FAMILY = "1,2";
			};
			name = Release;
		};
		0BD6D8212F3856E000D7656F /* Debug */ = {
			isa = XCBuildConfiguration;
			buildSettings = {
				BUNDLE_LOADER = "$(TEST_HOST)";
				CODE_SIGN_STYLE = Automatic;
				CURRENT_PROJECT_VERSION = 1;
				DEVELOPMENT_TEAM = LYMDWEXP2V;
				GENERATE_INFOPLIST_FILE = YES;
				IPHONEOS_DEPLOYMENT_TARGET = 26.2;
				MARKETING_VERSION = 1.0;
				PRODUCT_BUNDLE_IDENTIFIER = com.syhash.MindEchoTests;
				PRODUCT_NAME = "$(TARGET_NAME)";
				STRING_CATALOG_GENERATE_SYMBOLS = NO;
				SWIFT_APPROACHABLE_CONCURRENCY = YES;
				SWIFT_EMIT_LOC_STRINGS = NO;
				SWIFT_UPCOMING_FEATURE_MEMBER_IMPORT_VISIBILITY = YES;
				SWIFT_VERSION = 5.0;
				TARGETED_DEVICE_FAMILY = "1,2";
				TEST_HOST = "$(BUILT_PRODUCTS_DIR)/MindEcho.app/$(BUNDLE_EXECUTABLE_FOLDER_PATH)/MindEcho";
			};
			name = Debug;
		};
		0BD6D8222F3856E000D7656F /* Release */ = {
			isa = XCBuildConfiguration;
			buildSettings = {
				BUNDLE_LOADER = "$(TEST_HOST)";
				CODE_SIGN_STYLE = Automatic;
				CURRENT_PROJECT_VERSION = 1;
				DEVELOPMENT_TEAM = LYMDWEXP2V;
				GENERATE_INFOPLIST_FILE = YES;
				IPHONEOS_DEPLOYMENT_TARGET = 26.2;
				MARKETING_VERSION = 1.0;
				PRODUCT_BUNDLE_IDENTIFIER = com.syhash.MindEchoTests;
				PRODUCT_NAME = "$(TARGET_NAME)";
				STRING_CATALOG_GENERATE_SYMBOLS = NO;
				SWIFT_APPROACHABLE_CONCURRENCY = YES;
				SWIFT_EMIT_LOC_STRINGS = NO;
				SWIFT_UPCOMING_FEATURE_MEMBER_IMPORT_VISIBILITY = YES;
				SWIFT_VERSION = 5.0;
				TARGETED_DEVICE_FAMILY = "1,2";
				TEST_HOST = "$(BUILT_PRODUCTS_DIR)/MindEcho.app/$(BUNDLE_EXECUTABLE_FOLDER_PATH)/MindEcho";
			};
			name = Release;
		};
		0BD6D8242F3856E000D7656F /* Debug */ = {
			isa = XCBuildConfiguration;
			buildSettings = {
				CODE_SIGN_STYLE = Automatic;
				CURRENT_PROJECT_VERSION = 1;
				DEVELOPMENT_TEAM = LYMDWEXP2V;
				GENERATE_INFOPLIST_FILE = YES;
				MARKETING_VERSION = 1.0;
				PRODUCT_BUNDLE_IDENTIFIER = com.syhash.MindEchoUITests;
				PRODUCT_NAME = "$(TARGET_NAME)";
				STRING_CATALOG_GENERATE_SYMBOLS = NO;
				SWIFT_APPROACHABLE_CONCURRENCY = YES;
				SWIFT_EMIT_LOC_STRINGS = NO;
				SWIFT_UPCOMING_FEATURE_MEMBER_IMPORT_VISIBILITY = YES;
				SWIFT_VERSION = 5.0;
				TARGETED_DEVICE_FAMILY = "1,2";
				TEST_TARGET_NAME = MindEcho;
			};
			name = Debug;
		};
		0BD6D8252F3856E000D7656F /* Release */ = {
			isa = XCBuildConfiguration;
			buildSettings = {
				CODE_SIGN_STYLE = Automatic;
				CURRENT_PROJECT_VERSION = 1;
				DEVELOPMENT_TEAM = LYMDWEXP2V;
				GENERATE_INFOPLIST_FILE = YES;
				MARKETING_VERSION = 1.0;
				PRODUCT_BUNDLE_IDENTIFIER = com.syhash.MindEchoUITests;
				PRODUCT_NAME = "$(TARGET_NAME)";
				STRING_CATALOG_GENERATE_SYMBOLS = NO;
				SWIFT_APPROACHABLE_CONCURRENCY = YES;
				SWIFT_EMIT_LOC_STRINGS = NO;
				SWIFT_UPCOMING_FEATURE_MEMBER_IMPORT_VISIBILITY = YES;
				SWIFT_VERSION = 5.0;
				TARGETED_DEVICE_FAMILY = "1,2";
				TEST_TARGET_NAME = MindEcho;
			};
			name = Release;
		};
/* End XCBuildConfiguration section */

/* Begin XCConfigurationList section */
		0BD6D7F52F3856DE00D7656F /* Build configuration list for PBXProject "MindEcho" */ = {
			isa = XCConfigurationList;
			buildConfigurations = (
				0BD6D81B2F3856E000D7656F /* Debug */,
				0BD6D81C2F3856E000D7656F /* Release */,
			);
			defaultConfigurationIsVisible = 0;
			defaultConfigurationName = Release;
		};
		0BD6D81D2F3856E000D7656F /* Build configuration list for PBXNativeTarget "MindEcho" */ = {
			isa = XCConfigurationList;
			buildConfigurations = (
				0BD6D81E2F3856E000D7656F /* Debug */,
				0BD6D81F2F3856E000D7656F /* Release */,
			);
			defaultConfigurationIsVisible = 0;
			defaultConfigurationName = Release;
		};
		0BD6D8202F3856E000D7656F /* Build configuration list for PBXNativeTarget "MindEchoTests" */ = {
			isa = XCConfigurationList;
			buildConfigurations = (
				0BD6D8212F3856E000D7656F /* Debug */,
				0BD6D8222F3856E000D7656F /* Release */,
			);
			defaultConfigurationIsVisible = 0;
			defaultConfigurationName = Release;
		};
		0BD6D8232F3856E000D7656F /* Build configuration list for PBXNativeTarget "MindEchoUITests" */ = {
			isa = XCConfigurationList;
			buildConfigurations = (
				0BD6D8242F3856E000D7656F /* Debug */,
				0BD6D8252F3856E000D7656F /* Release */,
			);
			defaultConfigurationIsVisible = 0;
			defaultConfigurationName = Release;
		};
/* End XCConfigurationList section */

/* Begin XCLocalSwiftPackageReference section */
		0BA1C00100000005000000A5 /* XCLocalSwiftPackageReference "../Packages/MindEchoCore" */ = {
			isa = XCLocalSwiftPackageReference;
			relativePath = ../Packages/MindEchoCore;
		};
		0BA1C00100000006000000A6 /* XCLocalSwiftPackageReference "../Packages/MindEchoAudio" */ = {
			isa = XCLocalSwiftPackageReference;
			relativePath = ../Packages/MindEchoAudio;
		};
/* End XCLocalSwiftPackageReference section */

/* Begin XCRemoteSwiftPackageReference section */
		0BA1C0010000000B000000AB /* XCRemoteSwiftPackageReference "DSWaveformImage" */ = {
			isa = XCRemoteSwiftPackageReference;
			repositoryURL = "https://github.com/dmrschmidt/DSWaveformImage";
			requirement = {
				kind = upToNextMajorVersion;
				minimumVersion = 14.0.0;
			};
		};
/* End XCRemoteSwiftPackageReference section */

/* Begin XCSwiftPackageProductDependency section */
		0BA1C00100000003000000A3 /* MindEchoCore */ = {
			isa = XCSwiftPackageProductDependency;
			productName = MindEchoCore;
		};
		0BA1C00100000004000000A4 /* MindEchoAudio */ = {
			isa = XCSwiftPackageProductDependency;
			productName = MindEchoAudio;
		};
		0BA1C00100000009000000A9 /* DSWaveformImage */ = {
			isa = XCSwiftPackageProductDependency;
			package = 0BA1C0010000000B000000AB /* XCRemoteSwiftPackageReference "DSWaveformImage" */;
			productName = DSWaveformImage;
		};
		0BA1C0010000000A000000AA /* DSWaveformImageViews */ = {
			isa = XCSwiftPackageProductDependency;
			package = 0BA1C0010000000B000000AB /* XCRemoteSwiftPackageReference "DSWaveformImage" */;
			productName = DSWaveformImageViews;
		};
/* End XCSwiftPackageProductDependency section */
	};
	rootObject = 0BD6D7F22F3856DE00D7656F /* Project object */;
}
