{
  "originHash" : "2feb6169e64fdaac107735fe36b78f139e6cb5ad9dfc4abc03e78f3ccd94ad3c",
  "pins" : [
    {
      "identity" : "dswaveformimage",
      "kind" : "remoteSourceControl",
      "location" : "https://github.com/dmrschmidt/DSWaveformImage",
      "state" : {
        "revision" : "a7a96cf4478c6fa084e76c175bcf7f4c9a38f80a",
        "version" : "14.3.0"
      }
    }
  ],
  "version" : 3
}
